
Microsoft Visual Studio Solution File, Format Version 12.00
# Visual Studio Version 17
VisualStudioVersion = 17.10.35027.167
MinimumVisualStudioVersion = 10.0.40219.1
Project("{FAE04EC0-301F-11D3-BF4B-00C04F79EFBC}") = "test", "test\test.csproj", "{D30EA7CB-E2B5-4859-AC49-F568C3FEC60F}"
EndProject
Global
	GlobalSection(SolutionConfigurationPlatforms) = preSolution
		Debug|Any CPU = Debug|Any CPU
		Release|Any CPU = Release|Any CPU
	EndGlobalSection
	GlobalSection(ProjectConfigurationPlatforms) = postSolution
		{D30EA7CB-E2B5-4859-AC49-F568C3FEC60F}.Debug|Any CPU.ActiveCfg = Debug|Any CPU
		{D30EA7CB-E2B5-4859-AC49-F568C3FEC60F}.Debug|Any CPU.Build.0 = Debug|Any CPU
		{D30EA7CB-E2B5-4859-AC49-F568C3FEC60F}.Release|Any CPU.ActiveCfg = Release|Any CPU
		{D30EA7CB-E2B5-4859-AC49-F568C3FEC60F}.Release|Any CPU.Build.0 = Release|Any CPU
	EndGlobalSection
	GlobalSection(SolutionProperties) = preSolution
		HideSolutionNode = FALSE
	EndGlobalSection
	GlobalSection(ExtensibilityGlobals) = postSolution
		SolutionGuid = {FB3C1AD6-0976-4A11-8109-E463E8FB147F}
	EndGlobalSection
EndGlobal
