
Microsoft Visual Studio Solution File, Format Version 12.00
# Visual Studio Version 17
VisualStudioVersion = 17.10.35004.147
MinimumVisualStudioVersion = 10.0.40219.1
Project("{FAE04EC0-301F-11D3-BF4B-00C04F79EFBC}") = "login", "login\login.csproj", "{2F0A0560-2F11-442F-A548-C8B416BD3BF1}"
EndProject
Global
	GlobalSection(SolutionConfigurationPlatforms) = preSolution
		Debug|Any CPU = Debug|Any CPU
		Release|Any CPU = Release|Any CPU
	EndGlobalSection
	GlobalSection(ProjectConfigurationPlatforms) = postSolution
		{2F0A0560-2F11-442F-A548-C8B416BD3BF1}.Debug|Any CPU.ActiveCfg = Debug|Any CPU
		{2F0A0560-2F11-442F-A548-C8B416BD3BF1}.Debug|Any CPU.Build.0 = Debug|Any CPU
		{2F0A0560-2F11-442F-A548-C8B416BD3BF1}.Release|Any CPU.ActiveCfg = Release|Any CPU
		{2F0A0560-2F11-442F-A548-C8B416BD3BF1}.Release|Any CPU.Build.0 = Release|Any CPU
	EndGlobalSection
	GlobalSection(SolutionProperties) = preSolution
		HideSolutionNode = FALSE
	EndGlobalSection
	GlobalSection(ExtensibilityGlobals) = postSolution
		SolutionGuid = {09CFABED-0967-4791-AEB5-1E34C3F942DF}
	EndGlobalSection
EndGlobal
