
Microsoft Visual Studio Solution File, Format Version 12.00
# Visual Studio Version 17
VisualStudioVersion = 17.8.34525.116
MinimumVisualStudioVersion = 10.0.40219.1
Project("{E24C65DC-7377-472B-9ABA-BC803B73C61A}") = "form", ".", "{253C0BDC-914C-425B-98D9-EE3D83FEA549}"
	ProjectSection(WebsiteProperties) = preProject
		TargetFrameworkMoniker = ".NETFramework,Version%3Dv4.6"
		Debug.AspNetCompiler.VirtualPath = "/localhost_58455"
		Debug.AspNetCompiler.PhysicalPath = "..\form\"
		Debug.AspNetCompiler.TargetPath = "PrecompiledWeb\localhost_58455\"
		Debug.AspNetCompiler.Updateable = "true"
		Debug.AspNetCompiler.ForceOverwrite = "true"
		Debug.AspNetCompiler.FixedNames = "false"
		Debug.AspNetCompiler.Debug = "True"
		Release.AspNetCompiler.VirtualPath = "/localhost_58455"
		Release.AspNetCompiler.PhysicalPath = "..\form\"
		Release.AspNetCompiler.TargetPath = "PrecompiledWeb\localhost_58455\"
		Release.AspNetCompiler.Updateable = "true"
		Release.AspNetCompiler.ForceOverwrite = "true"
		Release.AspNetCompiler.FixedNames = "false"
		Release.AspNetCompiler.Debug = "False"
		VWDPort = "58455"
		SlnRelativePath = "..\form\"
		DefaultWebSiteLanguage = "Visual C#"
	EndProjectSection
EndProject
Global
	GlobalSection(SolutionConfigurationPlatforms) = preSolution
		Debug|Any CPU = Debug|Any CPU
	EndGlobalSection
	GlobalSection(ProjectConfigurationPlatforms) = postSolution
		{253C0BDC-914C-425B-98D9-EE3D83FEA549}.Debug|Any CPU.ActiveCfg = Debug|Any CPU
		{253C0BDC-914C-425B-98D9-EE3D83FEA549}.Debug|Any CPU.Build.0 = Debug|Any CPU
	EndGlobalSection
	GlobalSection(SolutionProperties) = preSolution
		HideSolutionNode = FALSE
	EndGlobalSection
	GlobalSection(ExtensibilityGlobals) = postSolution
		SolutionGuid = {6A6EA887-E312-4FE8-A000-AA39FE392E98}
	EndGlobalSection
EndGlobal
