
Microsoft Visual Studio Solution File, Format Version 12.00
# Visual Studio Version 17
VisualStudioVersion = 17.8.34525.116
MinimumVisualStudioVersion = 10.0.40219.1
Project("{E24C65DC-7377-472B-9ABA-BC803B73C61A}") = "webform", ".", "{F17C9729-CC23-419E-A8CA-13F8FCD12067}"
	ProjectSection(WebsiteProperties) = preProject
		TargetFrameworkMoniker = ".NETFramework,Version%3Dv4.6"
		Debug.AspNetCompiler.VirtualPath = "/localhost_59011"
		Debug.AspNetCompiler.PhysicalPath = "..\webform\"
		Debug.AspNetCompiler.TargetPath = "PrecompiledWeb\localhost_59011\"
		Debug.AspNetCompiler.Updateable = "true"
		Debug.AspNetCompiler.ForceOverwrite = "true"
		Debug.AspNetCompiler.FixedNames = "false"
		Debug.AspNetCompiler.Debug = "True"
		Release.AspNetCompiler.VirtualPath = "/localhost_59011"
		Release.AspNetCompiler.PhysicalPath = "..\webform\"
		Release.AspNetCompiler.TargetPath = "PrecompiledWeb\localhost_59011\"
		Release.AspNetCompiler.Updateable = "true"
		Release.AspNetCompiler.ForceOverwrite = "true"
		Release.AspNetCompiler.FixedNames = "false"
		Release.AspNetCompiler.Debug = "False"
		VWDPort = "59011"
		SlnRelativePath = "..\webform\"
		DefaultWebSiteLanguage = "Visual C#"
	EndProjectSection
EndProject
Global
	GlobalSection(SolutionConfigurationPlatforms) = preSolution
		Debug|Any CPU = Debug|Any CPU
	EndGlobalSection
	GlobalSection(ProjectConfigurationPlatforms) = postSolution
		{F17C9729-CC23-419E-A8CA-13F8FCD12067}.Debug|Any CPU.ActiveCfg = Debug|Any CPU
		{F17C9729-CC23-419E-A8CA-13F8FCD12067}.Debug|Any CPU.Build.0 = Debug|Any CPU
	EndGlobalSection
	GlobalSection(SolutionProperties) = preSolution
		HideSolutionNode = FALSE
	EndGlobalSection
	GlobalSection(ExtensibilityGlobals) = postSolution
		SolutionGuid = {C9695EE8-666D-4749-A227-8A630FE5A9BE}
	EndGlobalSection
EndGlobal
