
Microsoft Visual Studio Solution File, Format Version 12.00
# Visual Studio Version 17
VisualStudioVersion = 17.10.35004.147
MinimumVisualStudioVersion = 10.0.40219.1
Project("{FAE04EC0-301F-11D3-BF4B-00C04F79EFBC}") = "usercontrol", "usercontrol\usercontrol.csproj", "{5EF54B97-36F2-489B-A4E6-25D5B590858B}"
EndProject
Global
	GlobalSection(SolutionConfigurationPlatforms) = preSolution
		Debug|Any CPU = Debug|Any CPU
		Release|Any CPU = Release|Any CPU
	EndGlobalSection
	GlobalSection(ProjectConfigurationPlatforms) = postSolution
		{5EF54B97-36F2-489B-A4E6-25D5B590858B}.Debug|Any CPU.ActiveCfg = Debug|Any CPU
		{5EF54B97-36F2-489B-A4E6-25D5B590858B}.Debug|Any CPU.Build.0 = Debug|Any CPU
		{5EF54B97-36F2-489B-A4E6-25D5B590858B}.Release|Any CPU.ActiveCfg = Release|Any CPU
		{5EF54B97-36F2-489B-A4E6-25D5B590858B}.Release|Any CPU.Build.0 = Release|Any CPU
	EndGlobalSection
	GlobalSection(SolutionProperties) = preSolution
		HideSolutionNode = FALSE
	EndGlobalSection
	GlobalSection(ExtensibilityGlobals) = postSolution
		SolutionGuid = {A5EBE03D-C734-4274-93DB-3C4F5117C0DB}
	EndGlobalSection
EndGlobal
